// !$*UTF8*$!
{
	archiveVersion = 1;
	classes = {
	};
	objectVersion = 45;
	objects = {

/* Begin PBXBuildFile section */
		0C40DC2E13D302E20044AAE5 /* KeitaiDocument.m in Sources */ = {isa = PBXBuildFile; fileRef = 0C40DC2D13D302E20044AAE5 /* KeitaiDocument.m */; };
		0C40DC3013D311320044AAE5 /* KeitaiDocument.xib in Resources */ = {isa = PBXBuildFile; fileRef = 0C40DC2F13D311320044AAE5 /* KeitaiDocument.xib */; };
		0C40DCB213D3C5A80044AAE5 /* MyDocumentController.m in Sources */ = {isa = PBXBuildFile; fileRef = 0C40DCB113D3C5A80044AAE5 /* MyDocumentController.m */; };
		0C40DD0713D3CAA40044AAE5 /* MyWindowController.m in Sources */ = {isa = PBXBuildFile; fileRef = 0C40DD0613D3CAA40044AAE5 /* MyWindowController.m */; };
		0C66184414B1E234005DE2F2 /* Localizable.strings in Resources */ = {isa = PBXBuildFile; fileRef = 0C66184614B1E234005DE2F2 /* Localizable.strings */; };
		0C66184814B2BFF4005DE2F2 /* NewFolderSheet.xib in Resources */ = {isa = PBXBuildFile; fileRef = 0C66184714B2BFF4005DE2F2 /* NewFolderSheet.xib */; };
		0C66184B14B2C14A005DE2F2 /* NewFolderSheetController.m in Sources */ = {isa = PBXBuildFile; fileRef = 0C66184A14B2C14A005DE2F2 /* NewFolderSheetController.m */; };
		0C66184E14B2D46A005DE2F2 /* MyBrowser.m in Sources */ = {isa = PBXBuildFile; fileRef = 0C66184D14B2D46A005DE2F2 /* MyBrowser.m */; };
		0C6CA72C14D3E4C000062734 /* QuickLook.framework in Frameworks */ = {isa = PBXBuildFile; fileRef = 0C6CA72B14D3E4C000062734 /* QuickLook.framework */; };
		0C6CA72E14D3E51F00062734 /* Quartz.framework in Frameworks */ = {isa = PBXBuildFile; fileRef = 0C6CA72D14D3E51F00062734 /* Quartz.framework */; };
		0C6D267D13D6B97300A8A227 /* FolderInfoPanelController.m in Sources */ = {isa = PBXBuildFile; fileRef = 0C6D267C13D6B97300A8A227 /* FolderInfoPanelController.m */; };
		0C774693154294F400A12E2D /* keitaisdeditor.icns in Resources */ = {isa = PBXBuildFile; fileRef = 0C774692154294F400A12E2D /* keitaisdeditor.icns */; };
		0CD59F26137DF8BF0063C884 /* FolderInfo.m in Sources */ = {isa = PBXBuildFile; fileRef = 0CD59F25137DF8BF0063C884 /* FolderInfo.m */; };
		1DDD58160DA1D0A300B32029 /* MainMenu.xib in Resources */ = {isa = PBXBuildFile; fileRef = 1DDD58140DA1D0A300B32029 /* MainMenu.xib */; };
		8D11072B0486CEB800E47090 /* InfoPlist.strings in Resources */ = {isa = PBXBuildFile; fileRef = 089C165CFE840E0CC02AAC07 /* InfoPlist.strings */; };
		8D11072D0486CEB800E47090 /* main.m in Sources */ = {isa = PBXBuildFile; fileRef = 29B97316FDCFA39411CA2CEA /* main.m */; settings = {ATTRIBUTES = (); }; };
		8D11072F0486CEB800E47090 /* Cocoa.framework in Frameworks */ = {isa = PBXBuildFile; fileRef = 1058C7A1FEA54F0111CA2CBB /* Cocoa.framework */; };
/* End PBXBuildFile section */

/* Begin PBXFileReference section */
		089C165DFE840E0CC02AAC07 /* English */ = {isa = PBXFileReference; fileEncoding = 4; lastKnownFileType = text.plist.strings; name = English; path = English.lproj/InfoPlist.strings; sourceTree = "<group>"; };
		0C40DC2C13D302E20044AAE5 /* KeitaiDocument.h */ = {isa = PBXFileReference; fileEncoding = 4; lastKnownFileType = sourcecode.c.h; path = KeitaiDocument.h; sourceTree = "<group>"; };
		0C40DC2D13D302E20044AAE5 /* KeitaiDocument.m */ = {isa = PBXFileReference; fileEncoding = 4; lastKnownFileType = sourcecode.c.objc; path = KeitaiDocument.m; sourceTree = "<group>"; };
		0C40DC2F13D311320044AAE5 /* KeitaiDocument.xib */ = {isa = PBXFileReference; lastKnownFileType = file.xib; path = KeitaiDocument.xib; sourceTree = "<group>"; };
		0C40DCB013D3C5A80044AAE5 /* MyDocumentController.h */ = {isa = PBXFileReference; fileEncoding = 4; lastKnownFileType = sourcecode.c.h; path = MyDocumentController.h; sourceTree = "<group>"; };
		0C40DCB113D3C5A80044AAE5 /* MyDocumentController.m */ = {isa = PBXFileReference; fileEncoding = 4; lastKnownFileType = sourcecode.c.objc; path = MyDocumentController.m; sourceTree = "<group>"; };
		0C40DD0513D3CAA40044AAE5 /* MyWindowController.h */ = {isa = PBXFileReference; fileEncoding = 4; lastKnownFileType = sourcecode.c.h; path = MyWindowController.h; sourceTree = "<group>"; };
		0C40DD0613D3CAA40044AAE5 /* MyWindowController.m */ = {isa = PBXFileReference; fileEncoding = 4; lastKnownFileType = sourcecode.c.objc; path = MyWindowController.m; sourceTree = "<group>"; };
		0C66184514B1E234005DE2F2 /* English */ = {isa = PBXFileReference; lastKnownFileType = text.plist.strings; name = English; path = English.lproj/Localizable.strings; sourceTree = "<group>"; };
		0C66184714B2BFF4005DE2F2 /* NewFolderSheet.xib */ = {isa = PBXFileReference; fileEncoding = 4; lastKnownFileType = file.xib; path = NewFolderSheet.xib; sourceTree = "<group>"; };
		0C66184914B2C14A005DE2F2 /* NewFolderSheetController.h */ = {isa = PBXFileReference; fileEncoding = 4; lastKnownFileType = sourcecode.c.h; path = NewFolderSheetController.h; sourceTree = "<group>"; };
		0C66184A14B2C14A005DE2F2 /* NewFolderSheetController.m */ = {isa = PBXFileReference; fileEncoding = 4; lastKnownFileType = sourcecode.c.objc; path = NewFolderSheetController.m; sourceTree = "<group>"; };
		0C66184C14B2D46A005DE2F2 /* MyBrowser.h */ = {isa = PBXFileReference; fileEncoding = 4; lastKnownFileType = sourcecode.c.h; path = MyBrowser.h; sourceTree = "<group>"; };
		0C66184D14B2D46A005DE2F2 /* MyBrowser.m */ = {isa = PBXFileReference; fileEncoding = 4; lastKnownFileType = sourcecode.c.objc; path = MyBrowser.m; sourceTree = "<group>"; };
		0C6CA72B14D3E4C000062734 /* QuickLook.framework */ = {isa = PBXFileReference; lastKnownFileType = wrapper.framework; name = QuickLook.framework; path = ../../../../../../System/Library/Frameworks/QuickLook.framework; sourceTree = "<group>"; };
		0C6CA72D14D3E51F00062734 /* Quartz.framework */ = {isa = PBXFileReference; lastKnownFileType = wrapper.framework; name = Quartz.framework; path = ../../../../../../System/Library/Frameworks/Quartz.framework; sourceTree = "<group>"; };
		0C6D267B13D6B97300A8A227 /* FolderInfoPanelController.h */ = {isa = PBXFileReference; fileEncoding = 4; lastKnownFileType = sourcecode.c.h; path = FolderInfoPanelController.h; sourceTree = "<group>"; };
		0C6D267C13D6B97300A8A227 /* FolderInfoPanelController.m */ = {isa = PBXFileReference; fileEncoding = 4; lastKnownFileType = sourcecode.c.objc; path = FolderInfoPanelController.m; sourceTree = "<group>"; };
		0C774692154294F400A12E2D /* keitaisdeditor.icns */ = {isa = PBXFileReference; lastKnownFileType = image.icns; path = keitaisdeditor.icns; sourceTree = "<group>"; };
		0CD59F24137DF8BF0063C884 /* FolderInfo.h */ = {isa = PBXFileReference; fileEncoding = 4; lastKnownFileType = sourcecode.c.h; path = FolderInfo.h; sourceTree = "<group>"; };
		0CD59F25137DF8BF0063C884 /* FolderInfo.m */ = {isa = PBXFileReference; fileEncoding = 4; lastKnownFileType = sourcecode.c.objc; path = FolderInfo.m; sourceTree = "<group>"; };
		1058C7A1FEA54F0111CA2CBB /* Cocoa.framework */ = {isa = PBXFileReference; lastKnownFileType = wrapper.framework; name = Cocoa.framework; path = /System/Library/Frameworks/Cocoa.framework; sourceTree = "<absolute>"; };
		13E42FB307B3F0F600E4EEF1 /* CoreData.framework */ = {isa = PBXFileReference; lastKnownFileType = wrapper.framework; name = CoreData.framework; path = /System/Library/Frameworks/CoreData.framework; sourceTree = "<absolute>"; };
		1DDD58150DA1D0A300B32029 /* English */ = {isa = PBXFileReference; lastKnownFileType = file.xib; name = English; path = English.lproj/MainMenu.xib; sourceTree = "<group>"; };
		256AC3F00F4B6AF500CF3369 /* keitaisdeditor_Prefix.pch */ = {isa = PBXFileReference; fileEncoding = 4; lastKnownFileType = sourcecode.c.h; path = keitaisdeditor_Prefix.pch; sourceTree = "<group>"; };
		29B97316FDCFA39411CA2CEA /* main.m */ = {isa = PBXFileReference; fileEncoding = 4; lastKnownFileType = sourcecode.c.objc; path = main.m; sourceTree = "<group>"; };
		29B97324FDCFA39411CA2CEA /* AppKit.framework */ = {isa = PBXFileReference; lastKnownFileType = wrapper.framework; name = AppKit.framework; path = /System/Library/Frameworks/AppKit.framework; sourceTree = "<absolute>"; };
		29B97325FDCFA39411CA2CEA /* Foundation.framework */ = {isa = PBXFileReference; lastKnownFileType = wrapper.framework; name = Foundation.framework; path = /System/Library/Frameworks/Foundation.framework; sourceTree = "<absolute>"; };
		8D1107310486CEB800E47090 /* keitaisdeditor-Info.plist */ = {isa = PBXFileReference; fileEncoding = 4; lastKnownFileType = text.plist.xml; path = "keitaisdeditor-Info.plist"; sourceTree = "<group>"; };
		8D1107320486CEB800E47090 /* keitaisdeditor.app */ = {isa = PBXFileReference; explicitFileType = wrapper.application; includeInIndex = 0; path = keitaisdeditor.app; sourceTree = BUILT_PRODUCTS_DIR; };
/* End PBXFileReference section */

/* Begin PBXFrameworksBuildPhase section */
		8D11072E0486CEB800E47090 /* Frameworks */ = {
			isa = PBXFrameworksBuildPhase;
			buildActionMask = 2147483647;
			files = (
				8D11072F0486CEB800E47090 /* Cocoa.framework in Frameworks */,
				0C6CA72C14D3E4C000062734 /* QuickLook.framework in Frameworks */,
				0C6CA72E14D3E51F00062734 /* Quartz.framework in Frameworks */,
			);
			runOnlyForDeploymentPostprocessing = 0;
		};
/* End PBXFrameworksBuildPhase section */

/* Begin PBXGroup section */
		080E96DDFE201D6D7F000001 /* Classes */ = {
			isa = PBXGroup;
			children = (
				0CD59F24137DF8BF0063C884 /* FolderInfo.h */,
				0CD59F25137DF8BF0063C884 /* FolderInfo.m */,
				0C40DC2C13D302E20044AAE5 /* KeitaiDocument.h */,
				0C40DC2D13D302E20044AAE5 /* KeitaiDocument.m */,
				0C40DCB013D3C5A80044AAE5 /* MyDocumentController.h */,
				0C40DCB113D3C5A80044AAE5 /* MyDocumentController.m */,
				0C40DD0513D3CAA40044AAE5 /* MyWindowController.h */,
				0C40DD0613D3CAA40044AAE5 /* MyWindowController.m */,
				0C6D267B13D6B97300A8A227 /* FolderInfoPanelController.h */,
				0C6D267C13D6B97300A8A227 /* FolderInfoPanelController.m */,
				0C66184914B2C14A005DE2F2 /* NewFolderSheetController.h */,
				0C66184A14B2C14A005DE2F2 /* NewFolderSheetController.m */,
				0C66184C14B2D46A005DE2F2 /* MyBrowser.h */,
				0C66184D14B2D46A005DE2F2 /* MyBrowser.m */,
			);
			name = Classes;
			sourceTree = "<group>";
		};
		1058C7A0FEA54F0111CA2CBB /* Linked Frameworks */ = {
			isa = PBXGroup;
			children = (
				0C6CA72D14D3E51F00062734 /* Quartz.framework */,
				0C6CA72B14D3E4C000062734 /* QuickLook.framework */,
				1058C7A1FEA54F0111CA2CBB /* Cocoa.framework */,
			);
			name = "Linked Frameworks";
			sourceTree = "<group>";
		};
		1058C7A2FEA54F0111CA2CBB /* Other Frameworks */ = {
			isa = PBXGroup;
			children = (
				29B97324FDCFA39411CA2CEA /* AppKit.framework */,
				13E42FB307B3F0F600E4EEF1 /* CoreData.framework */,
				29B97325FDCFA39411CA2CEA /* Foundation.framework */,
			);
			name = "Other Frameworks";
			sourceTree = "<group>";
		};
		19C28FACFE9D520D11CA2CBB /* Products */ = {
			isa = PBXGroup;
			children = (
				8D1107320486CEB800E47090 /* keitaisdeditor.app */,
			);
			name = Products;
			sourceTree = "<group>";
		};
		29B97314FDCFA39411CA2CEA /* keitaisdeditor */ = {
			isa = PBXGroup;
			children = (
				080E96DDFE201D6D7F000001 /* Classes */,
				29B97315FDCFA39411CA2CEA /* Other Sources */,
				29B97317FDCFA39411CA2CEA /* Resources */,
				29B97323FDCFA39411CA2CEA /* Frameworks */,
				19C28FACFE9D520D11CA2CBB /* Products */,
			);
			name = keitaisdeditor;
			sourceTree = "<group>";
		};
		29B97315FDCFA39411CA2CEA /* Other Sources */ = {
			isa = PBXGroup;
			children = (
				256AC3F00F4B6AF500CF3369 /* keitaisdeditor_Prefix.pch */,
				29B97316FDCFA39411CA2CEA /* main.m */,
			);
			name = "Other Sources";
			sourceTree = "<group>";
		};
		29B97317FDCFA39411CA2CEA /* Resources */ = {
			isa = PBXGroup;
			children = (
				0C774692154294F400A12E2D /* keitaisdeditor.icns */,
				0C40DC2F13D311320044AAE5 /* KeitaiDocument.xib */,
				0C66184714B2BFF4005DE2F2 /* NewFolderSheet.xib */,
				8D1107310486CEB800E47090 /* keitaisdeditor-Info.plist */,
				089C165CFE840E0CC02AAC07 /* InfoPlist.strings */,
				1DDD58140DA1D0A300B32029 /* MainMenu.xib */,
				0C66184614B1E234005DE2F2 /* Localizable.strings */,
			);
			name = Resources;
			sourceTree = "<group>";
		};
		29B97323FDCFA39411CA2CEA /* Frameworks */ = {
			isa = PBXGroup;
			children = (
				1058C7A0FEA54F0111CA2CBB /* Linked Frameworks */,
				1058C7A2FEA54F0111CA2CBB /* Other Frameworks */,
			);
			name = Frameworks;
			sourceTree = "<group>";
		};
/* End PBXGroup section */

/* Begin PBXNativeTarget section */
		8D1107260486CEB800E47090 /* keitaisdeditor */ = {
			isa = PBXNativeTarget;
			buildConfigurationList = C01FCF4A08A954540054247B /* Build configuration list for PBXNativeTarget "keitaisdeditor" */;
			buildPhases = (
				8D1107290486CEB800E47090 /* Resources */,
				8D11072C0486CEB800E47090 /* Sources */,
				8D11072E0486CEB800E47090 /* Frameworks */,
			);
			buildRules = (
			);
			dependencies = (
			);
			name = keitaisdeditor;
			productInstallPath = "$(HOME)/Applications";
			productName = keitaisdeditor;
			productReference = 8D1107320486CEB800E47090 /* keitaisdeditor.app */;
			productType = "com.apple.product-type.application";
		};
/* End PBXNativeTarget section */

/* Begin PBXProject section */
		29B97313FDCFA39411CA2CEA /* Project object */ = {
			isa = PBXProject;
			attributes = {
				LastUpgradeCheck = 0410;
			};
			buildConfigurationList = C01FCF4E08A954540054247B /* Build configuration list for PBXProject "keitaisdeditor" */;
			compatibilityVersion = "Xcode 3.1";
			developmentRegion = English;
			hasScannedForEncodings = 1;
			knownRegions = (
				English,
				Japanese,
				French,
				German,
				ar,
				cs,
				da,
				Dutch,
				fi,
				hu,
				Italian,
				ko,
				no,
				pl,
				pt,
				pt_PT,
				ru,
				Spanish,
				sv,
				tr,
				zh_CN,
				zh_TW,
				de,
				en,
				es,
				nl,
				fr,
				it,
				ja,
				el,
				he,
				sk,
				Danish,
				en_AU,
				en_CA,
				en_GB,
				en_JP,
				Portuguese,
				Russian,
				Swedish,
			);
			mainGroup = 29B97314FDCFA39411CA2CEA /* keitaisdeditor */;
			projectDirPath = "";
			projectRoot = "";
			targets = (
				8D1107260486CEB800E47090 /* keitaisdeditor */,
			);
		};
/* End PBXProject section */

/* Begin PBXResourcesBuildPhase section */
		8D1107290486CEB800E47090 /* Resources */ = {
			isa = PBXResourcesBuildPhase;
			buildActionMask = 2147483647;
			files = (
				8D11072B0486CEB800E47090 /* InfoPlist.strings in Resources */,
				1DDD58160DA1D0A300B32029 /* MainMenu.xib in Resources */,
				0C40DC3013D311320044AAE5 /* KeitaiDocument.xib in Resources */,
				0C66184414B1E234005DE2F2 /* Localizable.strings in Resources */,
				0C66184814B2BFF4005DE2F2 /* NewFolderSheet.xib in Resources */,
				0C774693154294F400A12E2D /* keitaisdeditor.icns in Resources */,
			);
			runOnlyForDeploymentPostprocessing = 0;
		};
/* End PBXResourcesBuildPhase section */

/* Begin PBXSourcesBuildPhase section */
		8D11072C0486CEB800E47090 /* Sources */ = {
			isa = PBXSourcesBuildPhase;
			buildActionMask = 2147483647;
			files = (
				8D11072D0486CEB800E47090 /* main.m in Sources */,
				0CD59F26137DF8BF0063C884 /* FolderInfo.m in Sources */,
				0C40DC2E13D302E20044AAE5 /* KeitaiDocument.m in Sources */,
				0C40DCB213D3C5A80044AAE5 /* MyDocumentController.m in Sources */,
				0C40DD0713D3CAA40044AAE5 /* MyWindowController.m in Sources */,
				0C6D267D13D6B97300A8A227 /* FolderInfoPanelController.m in Sources */,
				0C66184B14B2C14A005DE2F2 /* NewFolderSheetController.m in Sources */,
				0C66184E14B2D46A005DE2F2 /* MyBrowser.m in Sources */,
			);
			runOnlyForDeploymentPostprocessing = 0;
		};
/* End PBXSourcesBuildPhase section */

/* Begin PBXVariantGroup section */
		089C165CFE840E0CC02AAC07 /* InfoPlist.strings */ = {
			isa = PBXVariantGroup;
			children = (
				089C165DFE840E0CC02AAC07 /* English */,
			);
			name = InfoPlist.strings;
			sourceTree = "<group>";
		};
		0C66184614B1E234005DE2F2 /* Localizable.strings */ = {
			isa = PBXVariantGroup;
			children = (
				0C66184514B1E234005DE2F2 /* English */,
			);
			name = Localizable.strings;
			sourceTree = "<group>";
		};
		1DDD58140DA1D0A300B32029 /* MainMenu.xib */ = {
			isa = PBXVariantGroup;
			children = (
				1DDD58150DA1D0A300B32029 /* English */,
			);
			name = MainMenu.xib;
			sourceTree = "<group>";
		};
/* End PBXVariantGroup section */

/* Begin XCBuildConfiguration section */
		C01FCF4B08A954540054247B /* Debug */ = {
			isa = XCBuildConfiguration;
			buildSettings = {
				ALWAYS_SEARCH_USER_PATHS = NO;
				COPY_PHASE_STRIP = NO;
				FRAMEWORK_SEARCH_PATHS = (
					"$(inherited)",
					"\"$(SYSTEM_LIBRARY_DIR)/CoreServices/Menu Extras/TextInput.menu/Contents/SharedFrameworks\"",
					"\"$(SYSTEM_LIBRARY_DIR)/LocationBundles\"",
					"\"$(SYSTEM_LIBRARY_DIR)/PrivateFrameworks\"",
				);
				GCC_DYNAMIC_NO_PIC = NO;
				GCC_ENABLE_FIX_AND_CONTINUE = YES;
				GCC_MODEL_TUNING = G5;
				GCC_OPTIMIZATION_LEVEL = 0;
				GCC_PRECOMPILE_PREFIX_HEADER = YES;
				GCC_PREFIX_HEADER = keitaisdeditor_Prefix.pch;
				INFOPLIST_FILE = "keitaisdeditor-Info.plist";
				INSTALL_PATH = "$(HOME)/Applications";
				LIBRARY_SEARCH_PATHS = (
					"$(inherited)",
					"\"$(SYSTEM_LIBRARY_DIR)/Components/CoreAudio.component/Contents/PlugIns\"",
					"\"$(SYSTEM_LIBRARY_DIR)/CoreServices/Encodings\"",
					"\"$(SYSTEM_LIBRARY_DIR)/Java/Extensions\"",
					"\"$(SYSTEM_LIBRARY_DIR)/Java/JavaVirtualMachines/1.6.0.jdk/Contents/Home/bundle/Home/bundle/Home/bundle/Home/bundle/Home/bundle/Home/bundle/Home/bundle/Home/bundle/Home/bundle/Home/bundle/Home/bundle/Home/bundle/Home/bundle/Home/bundle/Home/bundle/Home/bundle/Home/bundle/Home/bundle/Home/bundle/Home/bundle/Home/bundle/Home/bundle/Home/bundle/Home/bundle/Home/bundle/Home/bundle/Home/bundle/Home/bundle/Home/bundle/Home/bundle/Home/bundle/Home/bundle/Libraries\"",
					"\"$(SYSTEM_LIBRARY_DIR)/Java/JavaVirtualMachines/1.6.0.jdk/Contents/Home/bundle/Home/bundle/Home/bundle/Home/bundle/Home/bundle/Home/bundle/Home/bundle/Home/bundle/Home/bundle/Home/bundle/Home/bundle/Home/bundle/Home/bundle/Home/bundle/Home/bundle/Home/bundle/Home/bundle/Home/bundle/Home/bundle/Home/bundle/Home/bundle/Home/bundle/Home/bundle/Home/bundle/Home/bundle/Home/bundle/Home/bundle/Home/bundle/Home/bundle/Home/bundle/Home/bundle/Libraries\"",
					"\"$(SYSTEM_LIBRARY_DIR)/Java/JavaVirtualMachines/1.6.0.jdk/Contents/Home/bundle/Home/bundle/Home/bundle/Home/bundle/Home/bundle/Home/bundle/Home/bundle/Home/bundle/Home/bundle/Home/bundle/Home/bundle/Home/bundle/Home/bundle/Home/bundle/Home/bundle/Home/bundle/Home/bundle/Home/bundle/Home/bundle/Home/bundle/Home/bundle/Home/bundle/Home/bundle/Home/bundle/Home/bundle/Home/bundle/Home/bundle/Home/bundle/Home/bundle/Home/bundle/Home/bundle/MacOS\"",
					"\"$(SYSTEM_LIBRARY_DIR)/Java/JavaVirtualMachines/1.6.0.jdk/Contents/Home/bundle/Home/bundle/Home/bundle/Home/bundle/Home/bundle/Home/bundle/Home/bundle/Home/bundle/Home/bundle/Home/bundle/Home/bundle/Home/bundle/Home/bundle/Home/bundle/Home/bundle/Home/bundle/Home/bundle/Home/bundle/Home/bundle/Home/bundle/Home/bundle/Home/bundle/Home/bundle/Home/bundle/Home/bundle/Home/bundle/Home/bundle/Home/bundle/Home/bundle/Home/bundle/Libraries\"",
					"\"$(SYSTEM_LIBRARY_DIR)/Java/JavaVirtualMachines/1.6.0.jdk/Contents/Home/bundle/Home/bundle/Home/bundle/Home/bundle/Home/bundle/Home/bundle/Home/bundle/Home/bundle/Home/bundle/Home/bundle/Home/bundle/Home/bundle/Home/bundle/Home/bundle/Home/bundle/Home/bundle/Home/bundle/Home/bundle/Home/bundle/Home/bundle/Home/bundle/Home/bundle/Home/bundle/Home/bundle/Home/bundle/Home/bundle/Home/bundle/Home/bundle/Home/bundle/Home/bundle/MacOS\"",
					"\"$(SYSTEM_LIBRARY_DIR)/Java/JavaVirtualMachines/1.6.0.jdk/Contents/Home/bundle/Home/bundle/Home/bundle/Home/bundle/Home/bundle/Home/bundle/Home/bundle/Home/bundle/Home/bundle/Home/bundle/Home/bundle/Home/bundle/Home/bundle/Home/bundle/Home/bundle/Home/bundle/Home/bundle/Home/bundle/Home/bundle/Home/bundle/Home/bundle/Home/bundle/Home/bundle/Home/bundle/Home/bundle/Home/bundle/Home/bundle/Home/bundle/Home/bundle/Libraries\"",
					"\"$(SYSTEM_LIBRARY_DIR)/Java/JavaVirtualMachines/1.6.0.jdk/Contents/Home/bundle/Home/bundle/Home/bundle/Home/bundle/Home/bundle/Home/bundle/Home/bundle/Home/bundle/Home/bundle/Home/bundle/Home/bundle/Home/bundle/Home/bundle/Home/bundle/Home/bundle/Home/bundle/Home/bundle/Home/bundle/Home/bundle/Home/bundle/Home/bundle/Home/bundle/Home/bundle/Home/bundle/Home/bundle/Home/bundle/Home/bundle/Home/bundle/Home/bundle/MacOS\"",
					"\"$(SYSTEM_LIBRARY_DIR)/Java/JavaVirtualMachines/1.6.0.jdk/Contents/Home/bundle/Home/bundle/Home/bundle/Home/bundle/Home/bundle/Home/bundle/Home/bundle/Home/bundle/Home/bundle/Home/bundle/Home/bundle/Home/bundle/Home/bundle/Home/bundle/Home/bundle/Home/bundle/Home/bundle/Home/bundle/Home/bundle/Home/bundle/Home/bundle/Home/bundle/Home/bundle/Home/bundle/Home/bundle/Home/bundle/Home/bundle/Home/bundle/Libraries\"",
					"\"$(SYSTEM_LIBRARY_DIR)/Java/JavaVirtualMachines/1.6.0.jdk/Contents/Home/bundle/Home/bundle/Home/bundle/Home/bundle/Home/bundle/Home/bundle/Home/bundle/Home/bundle/Home/bundle/Home/bundle/Home/bundle/Home/bundle/Home/bundle/Home/bundle/Home/bundle/Home/bundle/Home/bundle/Home/bundle/Home/bundle/Home/bundle/Home/bundle/Home/bundle/Home/bundle/Home/bundle/Home/bundle/Home/bundle/Home/bundle/Home/bundle/MacOS\"",
					"\"$(SYSTEM_LIBRARY_DIR)/Java/JavaVirtualMachines/1.6.0.jdk/Contents/Home/bundle/Home/bundle/Home/bundle/Home/bundle/Home/bundle/Home/bundle/Home/bundle/Home/bundle/Home/bundle/Home/bundle/Home/bundle/Home/bundle/Home/bundle/Home/bundle/Home/bundle/Home/bundle/Home/bundle/Home/bundle/Home/bundle/Home/bundle/Home/bundle/Home/bundle/Home/bundle/Home/bundle/Home/bundle/Home/bundle/Home/bundle/Libraries\"",
					"\"$(SYSTEM_LIBRARY_DIR)/Java/JavaVirtualMachines/1.6.0.jdk/Contents/Home/bundle/Home/bundle/Home/bundle/Home/bundle/Home/bundle/Home/bundle/Home/bundle/Home/bundle/Home/bundle/Home/bundle/Home/bundle/Home/bundle/Home/bundle/Home/bundle/Home/bundle/Home/bundle/Home/bundle/Home/bundle/Home/bundle/Home/bundle/Home/bundle/Home/bundle/Home/bundle/Home/bundle/Home/bundle/Home/bundle/Home/bundle/MacOS\"",
					"\"$(SYSTEM_LIBRARY_DIR)/Java/JavaVirtualMachines/1.6.0.jdk/Contents/Home/bundle/Home/bundle/Home/bundle/Home/bundle/Home/bundle/Home/bundle/Home/bundle/Home/bundle/Home/bundle/Home/bundle/Home/bundle/Home/bundle/Home/bundle/Home/bundle/Home/bundle/Home/bundle/Home/bundle/Home/bundle/Home/bundle/Home/bundle/Home/bundle/Home/bundle/Home/bundle/Home/bundle/Home/bundle/Home/bundle/Libraries\"",
					"\"$(SYSTEM_LIBRARY_DIR)/Java/JavaVirtualMachines/1.6.0.jdk/Contents/Home/bundle/Home/bundle/Home/bundle/Home/bundle/Home/bundle/Home/bundle/Home/bundle/Home/bundle/Home/bundle/Home/bundle/Home/bundle/Home/bundle/Home/bundle/Home/bundle/Home/bundle/Home/bundle/Home/bundle/Home/bundle/Home/bundle/Home/bundle/Home/bundle/Home/bundle/Home/bundle/Home/bundle/Home/bundle/Home/bundle/MacOS\"",
					"\"$(SYSTEM_LIBRARY_DIR)/Java/JavaVirtualMachines/1.6.0.jdk/Contents/Home/bundle/Home/bundle/Home/bundle/Home/bundle/Home/bundle/Home/bundle/Home/bundle/Home/bundle/Home/bundle/Home/bundle/Home/bundle/Home/bundle/Home/bundle/Home/bundle/Home/bundle/Home/bundle/Home/bundle/Home/bundle/Home/bundle/Home/bundle/Home/bundle/Home/bundle/Home/bundle/Home/bundle/Home/bundle/Libraries\"",
					"\"$(SYSTEM_LIBRARY_DIR)/Java/JavaVirtualMachines/1.6.0.jdk/Contents/Home/bundle/Home/bundle/Home/bundle/Home/bundle/Home/bundle/Home/bundle/Home/bundle/Home/bundle/Home/bundle/Home/bundle/Home/bundle/Home/bundle/Home/bundle/Home/bundle/Home/bundle/Home/bundle/Home/bundle/Home/bundle/Home/bundle/Home/bundle/Home/bundle/Home/bundle/Home/bundle/Home/bundle/Home/bundle/MacOS\"",
					"\"$(SYSTEM_LIBRARY_DIR)/Java/JavaVirtualMachines/1.6.0.jdk/Contents/Home/bundle/Home/bundle/Home/bundle/Home/bundle/Home/bundle/Home/bundle/Home/bundle/Home/bundle/Home/bundle/Home/bundle/Home/bundle/Home/bundle/Home/bundle/Home/bundle/Home/bundle/Home/bundle/Home/bundle/Home/bundle/Home/bundle/Home/bundle/Home/bundle/Home/bundle/Home/bundle/Home/bundle/Libraries\"",
					"\"$(SYSTEM_LIBRARY_DIR)/Java/JavaVirtualMachines/1.6.0.jdk/Contents/Home/bundle/Home/bundle/Home/bundle/Home/bundle/Home/bundle/Home/bundle/Home/bundle/Home/bundle/Home/bundle/Home/bundle/Home/bundle/Home/bundle/Home/bundle/Home/bundle/Home/bundle/Home/bundle/Home/bundle/Home/bundle/Home/bundle/Home/bundle/Home/bundle/Home/bundle/Home/bundle/Home/bundle/MacOS\"",
					"\"$(SYSTEM_LIBRARY_DIR)/Java/JavaVirtualMachines/1.6.0.jdk/Contents/Home/bundle/Home/bundle/Home/bundle/Home/bundle/Home/bundle/Home/bundle/Home/bundle/Home/bundle/Home/bundle/Home/bundle/Home/bundle/Home/bundle/Home/bundle/Home/bundle/Home/bundle/Home/bundle/Home/bundle/Home/bundle/Home/bundle/Home/bundle/Home/bundle/Home/bundle/Home/bundle/Libraries\"",
					"\"$(SYSTEM_LIBRARY_DIR)/Java/JavaVirtualMachines/1.6.0.jdk/Contents/Home/bundle/Home/bundle/Home/bundle/Home/bundle/Home/bundle/Home/bundle/Home/bundle/Home/bundle/Home/bundle/Home/bundle/Home/bundle/Home/bundle/Home/bundle/Home/bundle/Home/bundle/Home/bundle/Home/bundle/Home/bundle/Home/bundle/Home/bundle/Home/bundle/Home/bundle/Home/bundle/MacOS\"",
					"\"$(SYSTEM_LIBRARY_DIR)/Java/JavaVirtualMachines/1.6.0.jdk/Contents/Home/bundle/Home/bundle/Home/bundle/Home/bundle/Home/bundle/Home/bundle/Home/bundle/Home/bundle/Home/bundle/Home/bundle/Home/bundle/Home/bundle/Home/bundle/Home/bundle/Home/bundle/Home/bundle/Home/bundle/Home/bundle/Home/bundle/Home/bundle/Home/bundle/Home/bundle/Libraries\"",
					"\"$(SYSTEM_LIBRARY_DIR)/Java/JavaVirtualMachines/1.6.0.jdk/Contents/Home/bundle/Home/bundle/Home/bundle/Home/bundle/Home/bundle/Home/bundle/Home/bundle/Home/bundle/Home/bundle/Home/bundle/Home/bundle/Home/bundle/Home/bundle/Home/bundle/Home/bundle/Home/bundle/Home/bundle/Home/bundle/Home/bundle/Home/bundle/Home/bundle/Home/bundle/MacOS\"",
					"\"$(SYSTEM_LIBRARY_DIR)/Java/JavaVirtualMachines/1.6.0.jdk/Contents/Home/bundle/Home/bundle/Home/bundle/Home/bundle/Home/bundle/Home/bundle/Home/bundle/Home/bundle/Home/bundle/Home/bundle/Home/bundle/Home/bundle/Home/bundle/Home/bundle/Home/bundle/Home/bundle/Home/bundle/Home/bundle/Home/bundle/Home/bundle/Home/bundle/Libraries\"",
					"\"$(SYSTEM_LIBRARY_DIR)/Java/JavaVirtualMachines/1.6.0.jdk/Contents/Home/bundle/Home/bundle/Home/bundle/Home/bundle/Home/bundle/Home/bundle/Home/bundle/Home/bundle/Home/bundle/Home/bundle/Home/bundle/Home/bundle/Home/bundle/Home/bundle/Home/bundle/Home/bundle/Home/bundle/Home/bundle/Home/bundle/Home/bundle/Home/bundle/MacOS\"",
					"\"$(SYSTEM_LIBRARY_DIR)/Java/JavaVirtualMachines/1.6.0.jdk/Contents/Home/bundle/Home/bundle/Home/bundle/Home/bundle/Home/bundle/Home/bundle/Home/bundle/Home/bundle/Home/bundle/Home/bundle/Home/bundle/Home/bundle/Home/bundle/Home/bundle/Home/bundle/Home/bundle/Home/bundle/Home/bundle/Home/bundle/Home/bundle/Libraries\"",
					"\"$(SYSTEM_LIBRARY_DIR)/Java/JavaVirtualMachines/1.6.0.jdk/Contents/Home/bundle/Home/bundle/Home/bundle/Home/bundle/Home/bundle/Home/bundle/Home/bundle/Home/bundle/Home/bundle/Home/bundle/Home/bundle/Home/bundle/Home/bundle/Home/bundle/Home/bundle/Home/bundle/Home/bundle/Home/bundle/Home/bundle/Home/bundle/MacOS\"",
					"\"$(SYSTEM_LIBRARY_DIR)/Java/JavaVirtualMachines/1.6.0.jdk/Contents/Home/bundle/Home/bundle/Home/bundle/Home/bundle/Home/bundle/Home/bundle/Home/bundle/Home/bundle/Home/bundle/Home/bundle/Home/bundle/Home/bundle/Home/bundle/Home/bundle/Home/bundle/Home/bundle/Home/bundle/Home/bundle/Home/bundle/Libraries\"",
					"\"$(SYSTEM_LIBRARY_DIR)/Java/JavaVirtualMachines/1.6.0.jdk/Contents/Home/bundle/Home/bundle/Home/bundle/Home/bundle/Home/bundle/Home/bundle/Home/bundle/Home/bundle/Home/bundle/Home/bundle/Home/bundle/Home/bundle/Home/bundle/Home/bundle/Home/bundle/Home/bundle/Home/bundle/Home/bundle/Home/bundle/MacOS\"",
					"\"$(SYSTEM_LIBRARY_DIR)/Java/JavaVirtualMachines/1.6.0.jdk/Contents/Home/bundle/Home/bundle/Home/bundle/Home/bundle/Home/bundle/Home/bundle/Home/bundle/Home/bundle/Home/bundle/Home/bundle/Home/bundle/Home/bundle/Home/bundle/Home/bundle/Home/bundle/Home/bundle/Home/bundle/Home/bundle/Libraries\"",
					"\"$(SYSTEM_LIBRARY_DIR)/Java/JavaVirtualMachines/1.6.0.jdk/Contents/Home/bundle/Home/bundle/Home/bundle/Home/bundle/Home/bundle/Home/bundle/Home/bundle/Home/bundle/Home/bundle/Home/bundle/Home/bundle/Home/bundle/Home/bundle/Home/bundle/Home/bundle/Home/bundle/Home/bundle/Home/bundle/MacOS\"",
					"\"$(SYSTEM_LIBRARY_DIR)/Java/JavaVirtualMachines/1.6.0.jdk/Contents/Home/bundle/Home/bundle/Home/bundle/Home/bundle/Home/bundle/Home/bundle/Home/bundle/Home/bundle/Home/bundle/Home/bundle/Home/bundle/Home/bundle/Home/bundle/Home/bundle/Home/bundle/Home/bundle/Home/bundle/Libraries\"",
					"\"$(SYSTEM_LIBRARY_DIR)/Java/JavaVirtualMachines/1.6.0.jdk/Contents/Home/bundle/Home/bundle/Home/bundle/Home/bundle/Home/bundle/Home/bundle/Home/bundle/Home/bundle/Home/bundle/Home/bundle/Home/bundle/Home/bundle/Home/bundle/Home/bundle/Home/bundle/Home/bundle/Home/bundle/MacOS\"",
					"\"$(SYSTEM_LIBRARY_DIR)/Java/JavaVirtualMachines/1.6.0.jdk/Contents/Home/bundle/Home/bundle/Home/bundle/Home/bundle/Home/bundle/Home/bundle/Home/bundle/Home/bundle/Home/bundle/Home/bundle/Home/bundle/Home/bundle/Home/bundle/Home/bundle/Home/bundle/Home/bundle/Libraries\"",
					"\"$(SYSTEM_LIBRARY_DIR)/Java/JavaVirtualMachines/1.6.0.jdk/Contents/Home/bundle/Home/bundle/Home/bundle/Home/bundle/Home/bundle/Home/bundle/Home/bundle/Home/bundle/Home/bundle/Home/bundle/Home/bundle/Home/bundle/Home/bundle/Home/bundle/Home/bundle/Home/bundle/MacOS\"",
					"\"$(SYSTEM_LIBRARY_DIR)/Java/JavaVirtualMachines/1.6.0.jdk/Contents/Home/bundle/Home/bundle/Home/bundle/Home/bundle/Home/bundle/Home/bundle/Home/bundle/Home/bundle/Home/bundle/Home/bundle/Home/bundle/Home/bundle/Home/bundle/Home/bundle/Home/bundle/Libraries\"",
					"\"$(SYSTEM_LIBRARY_DIR)/Java/JavaVirtualMachines/1.6.0.jdk/Contents/Home/bundle/Home/bundle/Home/bundle/Home/bundle/Home/bundle/Home/bundle/Home/bundle/Home/bundle/Home/bundle/Home/bundle/Home/bundle/Home/bundle/Home/bundle/Home/bundle/Home/bundle/MacOS\"",
					"\"$(SYSTEM_LIBRARY_DIR)/Java/JavaVirtualMachines/1.6.0.jdk/Contents/Home/bundle/Home/bundle/Home/bundle/Home/bundle/Home/bundle/Home/bundle/Home/bundle/Home/bundle/Home/bundle/Home/bundle/Home/bundle/Home/bundle/Home/bundle/Home/bundle/Libraries\"",
					"\"$(SYSTEM_LIBRARY_DIR)/Java/JavaVirtualMachines/1.6.0.jdk/Contents/Home/bundle/Home/bundle/Home/bundle/Home/bundle/Home/bundle/Home/bundle/Home/bundle/Home/bundle/Home/bundle/Home/bundle/Home/bundle/Home/bundle/Home/bundle/Home/bundle/MacOS\"",
					"\"$(SYSTEM_LIBRARY_DIR)/Java/JavaVirtualMachines/1.6.0.jdk/Contents/Home/bundle/Home/bundle/Home/bundle/Home/bundle/Home/bundle/Home/bundle/Home/bundle/Home/bundle/Home/bundle/Home/bundle/Home/bundle/Home/bundle/Home/bundle/Libraries\"",
					"\"$(SYSTEM_LIBRARY_DIR)/Java/JavaVirtualMachines/1.6.0.jdk/Contents/Home/bundle/Home/bundle/Home/bundle/Home/bundle/Home/bundle/Home/bundle/Home/bundle/Home/bundle/Home/bundle/Home/bundle/Home/bundle/Home/bundle/Home/bundle/MacOS\"",
					"\"$(SYSTEM_LIBRARY_DIR)/Java/JavaVirtualMachines/1.6.0.jdk/Contents/Home/bundle/Home/bundle/Home/bundle/Home/bundle/Home/bundle/Home/bundle/Home/bundle/Home/bundle/Home/bundle/Home/bundle/Home/bundle/Home/bundle/Libraries\"",
					"\"$(SYSTEM_LIBRARY_DIR)/Java/JavaVirtualMachines/1.6.0.jdk/Contents/Home/bundle/Home/bundle/Home/bundle/Home/bundle/Home/bundle/Home/bundle/Home/bundle/Home/bundle/Home/bundle/Home/bundle/Home/bundle/Home/bundle/MacOS\"",
					"\"$(SYSTEM_LIBRARY_DIR)/Java/JavaVirtualMachines/1.6.0.jdk/Contents/Home/bundle/Home/bundle/Home/bundle/Home/bundle/Home/bundle/Home/bundle/Home/bundle/Home/bundle/Home/bundle/Home/bundle/Home/bundle/Libraries\"",
					"\"$(SYSTEM_LIBRARY_DIR)/Java/JavaVirtualMachines/1.6.0.jdk/Contents/Home/bundle/Home/bundle/Home/bundle/Home/bundle/Home/bundle/Home/bundle/Home/bundle/Home/bundle/Home/bundle/Home/bundle/Home/bundle/MacOS\"",
					"\"$(SYSTEM_LIBRARY_DIR)/Java/JavaVirtualMachines/1.6.0.jdk/Contents/Home/bundle/Home/bundle/Home/bundle/Home/bundle/Home/bundle/Home/bundle/Home/bundle/Home/bundle/Home/bundle/Home/bundle/Libraries\"",
					"\"$(SYSTEM_LIBRARY_DIR)/Java/JavaVirtualMachines/1.6.0.jdk/Contents/Home/bundle/Home/bundle/Home/bundle/Home/bundle/Home/bundle/Home/bundle/Home/bundle/Home/bundle/Home/bundle/Home/bundle/MacOS\"",
					"\"$(SYSTEM_LIBRARY_DIR)/Java/JavaVirtualMachines/1.6.0.jdk/Contents/Home/bundle/Home/bundle/Home/bundle/Home/bundle/Home/bundle/Home/bundle/Home/bundle/Home/bundle/Home/bundle/Libraries\"",
					"\"$(SYSTEM_LIBRARY_DIR)/Java/JavaVirtualMachines/1.6.0.jdk/Contents/Home/bundle/Home/bundle/Home/bundle/Home/bundle/Home/bundle/Home/bundle/Home/bundle/Home/bundle/Home/bundle/MacOS\"",
					"\"$(SYSTEM_LIBRARY_DIR)/Java/JavaVirtualMachines/1.6.0.jdk/Contents/Home/bundle/Home/bundle/Home/bundle/Home/bundle/Home/bundle/Home/bundle/Home/bundle/Home/bundle/Libraries\"",
					"\"$(SYSTEM_LIBRARY_DIR)/Java/JavaVirtualMachines/1.6.0.jdk/Contents/Home/bundle/Home/bundle/Home/bundle/Home/bundle/Home/bundle/Home/bundle/Home/bundle/Home/bundle/MacOS\"",
					"\"$(SYSTEM_LIBRARY_DIR)/Java/JavaVirtualMachines/1.6.0.jdk/Contents/Home/bundle/Home/bundle/Home/bundle/Home/bundle/Home/bundle/Home/bundle/Home/bundle/Libraries\"",
					"\"$(SYSTEM_LIBRARY_DIR)/Java/JavaVirtualMachines/1.6.0.jdk/Contents/Home/bundle/Home/bundle/Home/bundle/Home/bundle/Home/bundle/Home/bundle/Home/bundle/MacOS\"",
					"\"$(SYSTEM_LIBRARY_DIR)/Java/JavaVirtualMachines/1.6.0.jdk/Contents/Home/bundle/Home/bundle/Home/bundle/Home/bundle/Home/bundle/Home/bundle/Libraries\"",
					"\"$(SYSTEM_LIBRARY_DIR)/Java/JavaVirtualMachines/1.6.0.jdk/Contents/Home/bundle/Home/bundle/Home/bundle/Home/bundle/Home/bundle/Home/bundle/MacOS\"",
					"\"$(SYSTEM_LIBRARY_DIR)/Java/JavaVirtualMachines/1.6.0.jdk/Contents/Home/bundle/Home/bundle/Home/bundle/Home/bundle/Home/bundle/Libraries\"",
					"\"$(SYSTEM_LIBRARY_DIR)/Java/JavaVirtualMachines/1.6.0.jdk/Contents/Home/bundle/Home/bundle/Home/bundle/Home/bundle/Home/bundle/MacOS\"",
					"\"$(SYSTEM_LIBRARY_DIR)/Java/JavaVirtualMachines/1.6.0.jdk/Contents/Home/bundle/Home/bundle/Home/bundle/Home/bundle/Libraries\"",
					"\"$(SYSTEM_LIBRARY_DIR)/Java/JavaVirtualMachines/1.6.0.jdk/Contents/Home/bundle/Home/bundle/Home/bundle/Home/bundle/MacOS\"",
					"\"$(SYSTEM_LIBRARY_DIR)/Java/JavaVirtualMachines/1.6.0.jdk/Contents/Home/bundle/Home/bundle/Home/bundle/Libraries\"",
					"\"$(SYSTEM_LIBRARY_DIR)/Java/JavaVirtualMachines/1.6.0.jdk/Contents/Home/bundle/Home/bundle/Home/bundle/MacOS\"",
					"\"$(SYSTEM_LIBRARY_DIR)/Java/JavaVirtualMachines/1.6.0.jdk/Contents/Home/bundle/Home/bundle/Libraries\"",
					"\"$(SYSTEM_LIBRARY_DIR)/Java/JavaVirtualMachines/1.6.0.jdk/Contents/Home/bundle/Home/bundle/MacOS\"",
					"\"$(SYSTEM_LIBRARY_DIR)/Java/JavaVirtualMachines/1.6.0.jdk/Contents/Home/bundle/Libraries\"",
					"\"$(SYSTEM_LIBRARY_DIR)/Java/JavaVirtualMachines/1.6.0.jdk/Contents/Home/bundle/MacOS\"",
					"\"$(SYSTEM_LIBRARY_DIR)/Java/JavaVirtualMachines/1.6.0.jdk/Contents/Libraries\"",
					"\"$(SYSTEM_LIBRARY_DIR)/Java/JavaVirtualMachines/1.6.0.jdk/Contents/MacOS\"",
					"\"$(SYSTEM_LIBRARY_DIR)/MonitorPanels/AppleDisplay.monitorPanels/Contents/Resources\"",
					"\"$(SYSTEM_LIBRARY_DIR)/Perl/5.10/darwin-thread-multi-2level/CORE\"",
					"\"$(SYSTEM_LIBRARY_DIR)/Perl/5.12/darwin-thread-multi-2level/CORE\"",
					"\"$(SYSTEM_LIBRARY_DIR)/Perl/Extras/5.10/darwin-thread-multi-2level/lib\"",
					"\"$(SYSTEM_LIBRARY_DIR)/Perl/Extras/5.12/darwin-thread-multi-2level/lib\"",
					"\"$(SYSTEM_LIBRARY_DIR)/Perl/lib/5.10\"",
					"\"$(SYSTEM_LIBRARY_DIR)/Printers/Libraries\"",
					"\"$(SYSTEM_LIBRARY_DIR)/QuickTime/QuickTime3GPP.component/Contents/MacOS\"",
					"\"$(SYSTEM_LIBRARY_DIR)/QuickTime/QuickTimeComponents.component/Contents/MacOS\"",
					"\"$(SYSTEM_LIBRARY_DIR)/QuickTime/QuickTimeFireWireDV.component/Contents/MacOS\"",
					"\"$(SYSTEM_LIBRARY_DIR)/QuickTime/QuickTimeH264.component/Contents/MacOS\"",
					"\"$(SYSTEM_LIBRARY_DIR)/QuickTime/QuickTimeH264.component/Contents/Resources\"",
					"\"$(SYSTEM_LIBRARY_DIR)/QuickTime/QuickTimeImporters.component/Contents/MacOS\"",
					"\"$(SYSTEM_LIBRARY_DIR)/QuickTime/QuickTimeMPEG.component/Contents/MacOS\"",
					"\"$(SYSTEM_LIBRARY_DIR)/QuickTime/QuickTimeMPEG4.component/Contents/MacOS\"",
					"\"$(SYSTEM_LIBRARY_DIR)/QuickTime/QuickTimeStreaming.component/Contents/MacOS\"",
					"\"$(SYSTEM_LIBRARY_DIR)/QuickTime/QuickTimeVR.component/Contents/MacOS\"",
					"\"$(SYSTEM_LIBRARY_DIR)/Tcl/8.4/expect5.45\"",
					"\"$(SYSTEM_LIBRARY_DIR)/Tcl/8.4/Ffidl0.6.1\"",
					"\"$(SYSTEM_LIBRARY_DIR)/Tcl/8.4/Img1.4\"",
					"\"$(SYSTEM_LIBRARY_DIR)/Tcl/8.4/itcl3.4\"",
					"\"$(SYSTEM_LIBRARY_DIR)/Tcl/8.4/itk3.4\"",
					"\"$(SYSTEM_LIBRARY_DIR)/Tcl/8.4/Memchan2.2.1\"",
					"\"$(SYSTEM_LIBRARY_DIR)/Tcl/8.4/Mk4tcl2.4.9.7\"",
					"\"$(SYSTEM_LIBRARY_DIR)/Tcl/8.4/QuickTimeTcl3.2\"",
					"\"$(SYSTEM_LIBRARY_DIR)/Tcl/8.4/snack2.2\"",
					"\"$(SYSTEM_LIBRARY_DIR)/Tcl/8.4/tbcload1.7\"",
					"\"$(SYSTEM_LIBRARY_DIR)/Tcl/8.4/tclAE2.0.5\"",
					"\"$(SYSTEM_LIBRARY_DIR)/Tcl/8.4/Tclapplescript1.0\"",
					"\"$(SYSTEM_LIBRARY_DIR)/Tcl/8.4/Tcldom2.6\"",
					"\"$(SYSTEM_LIBRARY_DIR)/Tcl/8.4/tcldomxml2.6\"",
					"\"$(SYSTEM_LIBRARY_DIR)/Tcl/8.4/Tclexpat2.6\"",
					"\"$(SYSTEM_LIBRARY_DIR)/Tcl/8.4/Tclresource1.1.2\"",
					"\"$(SYSTEM_LIBRARY_DIR)/Tcl/8.4/tclx8.4\"",
					"\"$(SYSTEM_LIBRARY_DIR)/Tcl/8.4/Tclxml2.6\"",
					"\"$(SYSTEM_LIBRARY_DIR)/Tcl/8.4/Tclxslt2.6\"",
					"\"$(SYSTEM_LIBRARY_DIR)/Tcl/8.4/tdom0.8.3\"",
					"\"$(SYSTEM_LIBRARY_DIR)/Tcl/8.4/thread2.6.6\"",
					"\"$(SYSTEM_LIBRARY_DIR)/Tcl/8.4/Tktable2.10\"",
					"\"$(SYSTEM_LIBRARY_DIR)/Tcl/8.4/tls1.6.1\"",
					"\"$(SYSTEM_LIBRARY_DIR)/Tcl/8.4/tnc0.3.0\"",
					"\"$(SYSTEM_LIBRARY_DIR)/Tcl/8.4/treectrl2.2.10\"",
					"\"$(SYSTEM_LIBRARY_DIR)/Tcl/8.4/Trf2.1.4\"",
					"\"$(SYSTEM_LIBRARY_DIR)/Tcl/8.4/vfs1.4.1\"",
					"\"$(SYSTEM_LIBRARY_DIR)/Tcl/8.4/xotcl1.6.6\"",
					"\"$(SYSTEM_LIBRARY_DIR)/Tcl/8.5/expect5.45\"",
					"\"$(SYSTEM_LIBRARY_DIR)/Tcl/8.5/Ffidl0.6.1\"",
					"\"$(SYSTEM_LIBRARY_DIR)/Tcl/8.5/Img1.4\"",
					"\"$(SYSTEM_LIBRARY_DIR)/Tcl/8.5/itcl3.4\"",
					"\"$(SYSTEM_LIBRARY_DIR)/Tcl/8.5/itk3.4\"",
					"\"$(SYSTEM_LIBRARY_DIR)/Tcl/8.5/Memchan2.2.1\"",
					"\"$(SYSTEM_LIBRARY_DIR)/Tcl/8.5/Mk4tcl2.4.9.7\"",
					"\"$(SYSTEM_LIBRARY_DIR)/Tcl/8.5/tbcload1.7\"",
					"\"$(SYSTEM_LIBRARY_DIR)/Tcl/8.5/tclAE2.0.5\"",
					"\"$(SYSTEM_LIBRARY_DIR)/Tcl/8.5/Tcldom2.6\"",
					"\"$(SYSTEM_LIBRARY_DIR)/Tcl/8.5/tcldomxml2.6\"",
					"\"$(SYSTEM_LIBRARY_DIR)/Tcl/8.5/Tclexpat2.6\"",
					"\"$(SYSTEM_LIBRARY_DIR)/Tcl/8.5/tclx8.4\"",
					"\"$(SYSTEM_LIBRARY_DIR)/Tcl/8.5/Tclxml2.6\"",
					"\"$(SYSTEM_LIBRARY_DIR)/Tcl/8.5/Tclxslt2.6\"",
					"\"$(SYSTEM_LIBRARY_DIR)/Tcl/8.5/tdom0.8.3\"",
					"\"$(SYSTEM_LIBRARY_DIR)/Tcl/8.5/thread2.6.6\"",
					"\"$(SYSTEM_LIBRARY_DIR)/Tcl/8.5/Tktable2.10\"",
					"\"$(SYSTEM_LIBRARY_DIR)/Tcl/8.5/tls1.6.1\"",
					"\"$(SYSTEM_LIBRARY_DIR)/Tcl/8.5/tnc0.3.0\"",
					"\"$(SYSTEM_LIBRARY_DIR)/Tcl/8.5/Trf2.1.4\"",
					"\"$(SYSTEM_LIBRARY_DIR)/Tcl/8.5/vfs1.4.1\"",
					"\"$(SYSTEM_LIBRARY_DIR)/Tcl/8.5/xotcl1.6.6\"",
					"\"$(SYSTEM_LIBRARY_DIR)/Tcl/sqlite3\"",
				);
				PRODUCT_NAME = keitaisdeditor;
			};
			name = Debug;
		};
		C01FCF4C08A954540054247B /* Release */ = {
			isa = XCBuildConfiguration;
			buildSettings = {
				ALWAYS_SEARCH_USER_PATHS = NO;
				DEBUG_INFORMATION_FORMAT = "dwarf-with-dsym";
				FRAMEWORK_SEARCH_PATHS = (
					"$(inherited)",
					"\"$(SYSTEM_LIBRARY_DIR)/CoreServices/Menu Extras/TextInput.menu/Contents/SharedFrameworks\"",
					"\"$(SYSTEM_LIBRARY_DIR)/LocationBundles\"",
					"\"$(SYSTEM_LIBRARY_DIR)/PrivateFrameworks\"",
				);
				GCC_MODEL_TUNING = G5;
				GCC_PRECOMPILE_PREFIX_HEADER = YES;
				GCC_PREFIX_HEADER = keitaisdeditor_Prefix.pch;
				INFOPLIST_FILE = "keitaisdeditor-Info.plist";
				INSTALL_PATH = "$(HOME)/Applications";
				LIBRARY_SEARCH_PATHS = (
					"$(inherited)",
					"\"$(SYSTEM_LIBRARY_DIR)/Components/CoreAudio.component/Contents/PlugIns\"",
					"\"$(SYSTEM_LIBRARY_DIR)/CoreServices/Encodings\"",
					"\"$(SYSTEM_LIBRARY_DIR)/Java/Extensions\"",
					"\"$(SYSTEM_LIBRARY_DIR)/Java/JavaVirtualMachines/1.6.0.jdk/Contents/Home/bundle/Home/bundle/Home/bundle/Home/bundle/Home/bundle/Home/bundle/Home/bundle/Home/bundle/Home/bundle/Home/bundle/Home/bundle/Home/bundle/Home/bundle/Home/bundle/Home/bundle/Home/bundle/Home/bundle/Home/bundle/Home/bundle/Home/bundle/Home/bundle/Home/bundle/Home/bundle/Home/bundle/Home/bundle/Home/bundle/Home/bundle/Home/bundle/Home/bundle/Home/bundle/Home/bundle/Home/bundle/Libraries\"",
					"\"$(SYSTEM_LIBRARY_DIR)/Java/JavaVirtualMachines/1.6.0.jdk/Contents/Home/bundle/Home/bundle/Home/bundle/Home/bundle/Home/bundle/Home/bundle/Home/bundle/Home/bundle/Home/bundle/Home/bundle/Home/bundle/Home/bundle/Home/bundle/Home/bundle/Home/bundle/Home/bundle/Home/bundle/Home/bundle/Home/bundle/Home/bundle/Home/bundle/Home/bundle/Home/bundle/Home/bundle/Home/bundle/Home/bundle/Home/bundle/Home/bundle/Home/bundle/Home/bundle/Home/bundle/Libraries\"",
					"\"$(SYSTEM_LIBRARY_DIR)/Java/JavaVirtualMachines/1.6.0.jdk/Contents/Home/bundle/Home/bundle/Home/bundle/Home/bundle/Home/bundle/Home/bundle/Home/bundle/Home/bundle/Home/bundle/Home/bundle/Home/bundle/Home/bundle/Home/bundle/Home/bundle/Home/bundle/Home/bundle/Home/bundle/Home/bundle/Home/bundle/Home/bundle/Home/bundle/Home/bundle/Home/bundle/Home/bundle/Home/bundle/Home/bundle/Home/bundle/Home/bundle/Home/bundle/Home/bundle/Home/bundle/MacOS\"",
					"\"$(SYSTEM_LIBRARY_DIR)/Java/JavaVirtualMachines/1.6.0.jdk/Contents/Home/bundle/Home/bundle/Home/bundle/Home/bundle/Home/bundle/Home/bundle/Home/bundle/Home/bundle/Home/bundle/Home/bundle/Home/bundle/Home/bundle/Home/bundle/Home/bundle/Home/bundle/Home/bundle/Home/bundle/Home/bundle/Home/bundle/Home/bundle/Home/bundle/Home/bundle/Home/bundle/Home/bundle/Home/bundle/Home/bundle/Home/bundle/Home/bundle/Home/bundle/Home/bundle/Libraries\"",
					"\"$(SYSTEM_LIBRARY_DIR)/Java/JavaVirtualMachines/1.6.0.jdk/Contents/Home/bundle/Home/bundle/Home/bundle/Home/bundle/Home/bundle/Home/bundle/Home/bundle/Home/bundle/Home/bundle/Home/bundle/Home/bundle/Home/bundle/Home/bundle/Home/bundle/Home/bundle/Home/bundle/Home/bundle/Home/bundle/Home/bundle/Home/bundle/Home/bundle/Home/bundle/Home/bundle/Home/bundle/Home/bundle/Home/bundle/Home/bundle/Home/bundle/Home/bundle/Home/bundle/MacOS\"",
					"\"$(SYSTEM_LIBRARY_DIR)/Java/JavaVirtualMachines/1.6.0.jdk/Contents/Home/bundle/Home/bundle/Home/bundle/Home/bundle/Home/bundle/Home/bundle/Home/bundle/Home/bundle/Home/bundle/Home/bundle/Home/bundle/Home/bundle/Home/bundle/Home/bundle/Home/bundle/Home/bundle/Home/bundle/Home/bundle/Home/bundle/Home/bundle/Home/bundle/Home/bundle/Home/bundle/Home/bundle/Home/bundle/Home/bundle/Home/bundle/Home/bundle/Home/bundle/Libraries\"",
					"\"$(SYSTEM_LIBRARY_DIR)/Java/JavaVirtualMachines/1.6.0.jdk/Contents/Home/bundle/Home/bundle/Home/bundle/Home/bundle/Home/bundle/Home/bundle/Home/bundle/Home/bundle/Home/bundle/Home/bundle/Home/bundle/Home/bundle/Home/bundle/Home/bundle/Home/bundle/Home/bundle/Home/bundle/Home/bundle/Home/bundle/Home/bundle/Home/bundle/Home/bundle/Home/bundle/Home/bundle/Home/bundle/Home/bundle/Home/bundle/Home/bundle/Home/bundle/MacOS\"",
					"\"$(SYSTEM_LIBRARY_DIR)/Java/JavaVirtualMachines/1.6.0.jdk/Contents/Home/bundle/Home/bundle/Home/bundle/Home/bundle/Home/bundle/Home/bundle/Home/bundle/Home/bundle/Home/bundle/Home/bundle/Home/bundle/Home/bundle/Home/bundle/Home/bundle/Home/bundle/Home/bundle/Home/bundle/Home/bundle/Home/bundle/Home/bundle/Home/bundle/Home/bundle/Home/bundle/Home/bundle/Home/bundle/Home/bundle/Home/bundle/Home/bundle/Libraries\"",
					"\"$(SYSTEM_LIBRARY_DIR)/Java/JavaVirtualMachines/1.6.0.jdk/Contents/Home/bundle/Home/bundle/Home/bundle/Home/bundle/Home/bundle/Home/bundle/Home/bundle/Home/bundle/Home/bundle/Home/bundle/Home/bundle/Home/bundle/Home/bundle/Home/bundle/Home/bundle/Home/bundle/Home/bundle/Home/bundle/Home/bundle/Home/bundle/Home/bundle/Home/bundle/Home/bundle/Home/bundle/Home/bundle/Home/bundle/Home/bundle/Home/bundle/MacOS\"",
					"\"$(SYSTEM_LIBRARY_DIR)/Java/JavaVirtualMachines/1.6.0.jdk/Contents/Home/bundle/Home/bundle/Home/bundle/Home/bundle/Home/bundle/Home/bundle/Home/bundle/Home/bundle/Home/bundle/Home/bundle/Home/bundle/Home/bundle/Home/bundle/Home/bundle/Home/bundle/Home/bundle/Home/bundle/Home/bundle/Home/bundle/Home/bundle/Home/bundle/Home/bundle/Home/bundle/Home/bundle/Home/bundle/Home/bundle/Home/bundle/Libraries\"",
					"\"$(SYSTEM_LIBRARY_DIR)/Java/JavaVirtualMachines/1.6.0.jdk/Contents/Home/bundle/Home/bundle/Home/bundle/Home/bundle/Home/bundle/Home/bundle/Home/bundle/Home/bundle/Home/bundle/Home/bundle/Home/bundle/Home/bundle/Home/bundle/Home/bundle/Home/bundle/Home/bundle/Home/bundle/Home/bundle/Home/bundle/Home/bundle/Home/bundle/Home/bundle/Home/bundle/Home/bundle/Home/bundle/Home/bundle/Home/bundle/MacOS\"",
					"\"$(SYSTEM_LIBRARY_DIR)/Java/JavaVirtualMachines/1.6.0.jdk/Contents/Home/bundle/Home/bundle/Home/bundle/Home/bundle/Home/bundle/Home/bundle/Home/bundle/Home/bundle/Home/bundle/Home/bundle/Home/bundle/Home/bundle/Home/bundle/Home/bundle/Home/bundle/Home/bundle/Home/bundle/Home/bundle/Home/bundle/Home/bundle/Home/bundle/Home/bundle/Home/bundle/Home/bundle/Home/bundle/Home/bundle/Libraries\"",
					"\"$(SYSTEM_LIBRARY_DIR)/Java/JavaVirtualMachines/1.6.0.jdk/Contents/Home/bundle/Home/bundle/Home/bundle/Home/bundle/Home/bundle/Home/bundle/Home/bundle/Home/bundle/Home/bundle/Home/bundle/Home/bundle/Home/bundle/Home/bundle/Home/bundle/Home/bundle/Home/bundle/Home/bundle/Home/bundle/Home/bundle/Home/bundle/Home/bundle/Home/bundle/Home/bundle/Home/bundle/Home/bundle/Home/bundle/MacOS\"",
					"\"$(SYSTEM_LIBRARY_DIR)/Java/JavaVirtualMachines/1.6.0.jdk/Contents/Home/bundle/Home/bundle/Home/bundle/Home/bundle/Home/bundle/Home/bundle/Home/bundle/Home/bundle/Home/bundle/Home/bundle/Home/bundle/Home/bundle/Home/bundle/Home/bundle/Home/bundle/Home/bundle/Home/bundle/Home/bundle/Home/bundle/Home/bundle/Home/bundle/Home/bundle/Home/bundle/Home/bundle/Home/bundle/Libraries\"",
					"\"$(SYSTEM_LIBRARY_DIR)/Java/JavaVirtualMachines/1.6.0.jdk/Contents/Home/bundle/Home/bundle/Home/bundle/Home/bundle/Home/bundle/Home/bundle/Home/bundle/Home/bundle/Home/bundle/Home/bundle/Home/bundle/Home/bundle/Home/bundle/Home/bundle/Home/bundle/Home/bundle/Home/bundle/Home/bundle/Home/bundle/Home/bundle/Home/bundle/Home/bundle/Home/bundle/Home/bundle/Home/bundle/MacOS\"",
					"\"$(SYSTEM_LIBRARY_DIR)/Java/JavaVirtualMachines/1.6.0.jdk/Contents/Home/bundle/Home/bundle/Home/bundle/Home/bundle/Home/bundle/Home/bundle/Home/bundle/Home/bundle/Home/bundle/Home/bundle/Home/bundle/Home/bundle/Home/bundle/Home/bundle/Home/bundle/Home/bundle/Home/bundle/Home/bundle/Home/bundle/Home/bundle/Home/bundle/Home/bundle/Home/bundle/Home/bundle/Libraries\"",
					"\"$(SYSTEM_LIBRARY_DIR)/Java/JavaVirtualMachines/1.6.0.jdk/Contents/Home/bundle/Home/bundle/Home/bundle/Home/bundle/Home/bundle/Home/bundle/Home/bundle/Home/bundle/Home/bundle/Home/bundle/Home/bundle/Home/bundle/Home/bundle/Home/bundle/Home/bundle/Home/bundle/Home/bundle/Home/bundle/Home/bundle/Home/bundle/Home/bundle/Home/bundle/Home/bundle/Home/bundle/MacOS\"",
					"\"$(SYSTEM_LIBRARY_DIR)/Java/JavaVirtualMachines/1.6.0.jdk/Contents/Home/bundle/Home/bundle/Home/bundle/Home/bundle/Home/bundle/Home/bundle/Home/bundle/Home/bundle/Home/bundle/Home/bundle/Home/bundle/Home/bundle/Home/bundle/Home/bundle/Home/bundle/Home/bundle/Home/bundle/Home/bundle/Home/bundle/Home/bundle/Home/bundle/Home/bundle/Home/bundle/Libraries\"",
					"\"$(SYSTEM_LIBRARY_DIR)/Java/JavaVirtualMachines/1.6.0.jdk/Contents/Home/bundle/Home/bundle/Home/bundle/Home/bundle/Home/bundle/Home/bundle/Home/bundle/Home/bundle/Home/bundle/Home/bundle/Home/bundle/Home/bundle/Home/bundle/Home/bundle/Home/bundle/Home/bundle/Home/bundle/Home/bundle/Home/bundle/Home/bundle/Home/bundle/Home/bundle/Home/bundle/MacOS\"",
					"\"$(SYSTEM_LIBRARY_DIR)/Java/JavaVirtualMachines/1.6.0.jdk/Contents/Home/bundle/Home/bundle/Home/bundle/Home/bundle/Home/bundle/Home/bundle/Home/bundle/Home/bundle/Home/bundle/Home/bundle/Home/bundle/Home/bundle/Home/bundle/Home/bundle/Home/bundle/Home/bundle/Home/bundle/Home/bundle/Home/bundle/Home/bundle/Home/bundle/Home/bundle/Libraries\"",
					"\"$(SYSTEM_LIBRARY_DIR)/Java/JavaVirtualMachines/1.6.0.jdk/Contents/Home/bundle/Home/bundle/Home/bundle/Home/bundle/Home/bundle/Home/bundle/Home/bundle/Home/bundle/Home/bundle/Home/bundle/Home/bundle/Home/bundle/Home/bundle/Home/bundle/Home/bundle/Home/bundle/Home/bundle/Home/bundle/Home/bundle/Home/bundle/Home/bundle/Home/bundle/MacOS\"",
					"\"$(SYSTEM_LIBRARY_DIR)/Java/JavaVirtualMachines/1.6.0.jdk/Contents/Home/bundle/Home/bundle/Home/bundle/Home/bundle/Home/bundle/Home/bundle/Home/bundle/Home/bundle/Home/bundle/Home/bundle/Home/bundle/Home/bundle/Home/bundle/Home/bundle/Home/bundle/Home/bundle/Home/bundle/Home/bundle/Home/bundle/Home/bundle/Home/bundle/Libraries\"",
					"\"$(SYSTEM_LIBRARY_DIR)/Java/JavaVirtualMachines/1.6.0.jdk/Contents/Home/bundle/Home/bundle/Home/bundle/Home/bundle/Home/bundle/Home/bundle/Home/bundle/Home/bundle/Home/bundle/Home/bundle/Home/bundle/Home/bundle/Home/bundle/Home/bundle/Home/bundle/Home/bundle/Home/bundle/Home/bundle/Home/bundle/Home/bundle/Home/bundle/MacOS\"",
					"\"$(SYSTEM_LIBRARY_DIR)/Java/JavaVirtualMachines/1.6.0.jdk/Contents/Home/bundle/Home/bundle/Home/bundle/Home/bundle/Home/bundle/Home/bundle/Home/bundle/Home/bundle/Home/bundle/Home/bundle/Home/bundle/Home/bundle/Home/bundle/Home/bundle/Home/bundle/Home/bundle/Home/bundle/Home/bundle/Home/bundle/Home/bundle/Libraries\"",
					"\"$(SYSTEM_LIBRARY_DIR)/Java/JavaVirtualMachines/1.6.0.jdk/Contents/Home/bundle/Home/bundle/Home/bundle/Home/bundle/Home/bundle/Home/bundle/Home/bundle/Home/bundle/Home/bundle/Home/bundle/Home/bundle/Home/bundle/Home/bundle/Home/bundle/Home/bundle/Home/bundle/Home/bundle/Home/bundle/Home/bundle/Home/bundle/MacOS\"",
					"\"$(SYSTEM_LIBRARY_DIR)/Java/JavaVirtualMachines/1.6.0.jdk/Contents/Home/bundle/Home/bundle/Home/bundle/Home/bundle/Home/bundle/Home/bundle/Home/bundle/Home/bundle/Home/bundle/Home/bundle/Home/bundle/Home/bundle/Home/bundle/Home/bundle/Home/bundle/Home/bundle/Home/bundle/Home/bundle/Home/bundle/Libraries\"",
					"\"$(SYSTEM_LIBRARY_DIR)/Java/JavaVirtualMachines/1.6.0.jdk/Contents/Home/bundle/Home/bundle/Home/bundle/Home/bundle/Home/bundle/Home/bundle/Home/bundle/Home/bundle/Home/bundle/Home/bundle/Home/bundle/Home/bundle/Home/bundle/Home/bundle/Home/bundle/Home/bundle/Home/bundle/Home/bundle/Home/bundle/MacOS\"",
					"\"$(SYSTEM_LIBRARY_DIR)/Java/JavaVirtualMachines/1.6.0.jdk/Contents/Home/bundle/Home/bundle/Home/bundle/Home/bundle/Home/bundle/Home/bundle/Home/bundle/Home/bundle/Home/bundle/Home/bundle/Home/bundle/Home/bundle/Home/bundle/Home/bundle/Home/bundle/Home/bundle/Home/bundle/Home/bundle/Libraries\"",
					"\"$(SYSTEM_LIBRARY_DIR)/Java/JavaVirtualMachines/1.6.0.jdk/Contents/Home/bundle/Home/bundle/Home/bundle/Home/bundle/Home/bundle/Home/bundle/Home/bundle/Home/bundle/Home/bundle/Home/bundle/Home/bundle/Home/bundle/Home/bundle/Home/bundle/Home/bundle/Home/bundle/Home/bundle/Home/bundle/MacOS\"",
					"\"$(SYSTEM_LIBRARY_DIR)/Java/JavaVirtualMachines/1.6.0.jdk/Contents/Home/bundle/Home/bundle/Home/bundle/Home/bundle/Home/bundle/Home/bundle/Home/bundle/Home/bundle/Home/bundle/Home/bundle/Home/bundle/Home/bundle/Home/bundle/Home/bundle/Home/bundle/Home/bundle/Home/bundle/Libraries\"",
					"\"$(SYSTEM_LIBRARY_DIR)/Java/JavaVirtualMachines/1.6.0.jdk/Contents/Home/bundle/Home/bundle/Home/bundle/Home/bundle/Home/bundle/Home/bundle/Home/bundle/Home/bundle/Home/bundle/Home/bundle/Home/bundle/Home/bundle/Home/bundle/Home/bundle/Home/bundle/Home/bundle/Home/bundle/MacOS\"",
					"\"$(SYSTEM_LIBRARY_DIR)/Java/JavaVirtualMachines/1.6.0.jdk/Contents/Home/bundle/Home/bundle/Home/bundle/Home/bundle/Home/bundle/Home/bundle/Home/bundle/Home/bundle/Home/bundle/Home/bundle/Home/bundle/Home/bundle/Home/bundle/Home/bundle/Home/bundle/Home/bundle/Libraries\"",
					"\"$(SYSTEM_LIBRARY_DIR)/Java/JavaVirtualMachines/1.6.0.jdk/Contents/Home/bundle/Home/bundle/Home/bundle/Home/bundle/Home/bundle/Home/bundle/Home/bundle/Home/bundle/Home/bundle/Home/bundle/Home/bundle/Home/bundle/Home/bundle/Home/bundle/Home/bundle/Home/bundle/MacOS\"",
					"\"$(SYSTEM_LIBRARY_DIR)/Java/JavaVirtualMachines/1.6.0.jdk/Contents/Home/bundle/Home/bundle/Home/bundle/Home/bundle/Home/bundle/Home/bundle/Home/bundle/Home/bundle/Home/bundle/Home/bundle/Home/bundle/Home/bundle/Home/bundle/Home/bundle/Home/bundle/Libraries\"",
					"\"$(SYSTEM_LIBRARY_DIR)/Java/JavaVirtualMachines/1.6.0.jdk/Contents/Home/bundle/Home/bundle/Home/bundle/Home/bundle/Home/bundle/Home/bundle/Home/bundle/Home/bundle/Home/bundle/Home/bundle/Home/bundle/Home/bundle/Home/bundle/Home/bundle/Home/bundle/MacOS\"",
					"\"$(SYSTEM_LIBRARY_DIR)/Java/JavaVirtualMachines/1.6.0.jdk/Contents/Home/bundle/Home/bundle/Home/bundle/Home/bundle/Home/bundle/Home/bundle/Home/bundle/Home/bundle/Home/bundle/Home/bundle/Home/bundle/Home/bundle/Home/bundle/Home/bundle/Libraries\"",
					"\"$(SYSTEM_LIBRARY_DIR)/Java/JavaVirtualMachines/1.6.0.jdk/Contents/Home/bundle/Home/bundle/Home/bundle/Home/bundle/Home/bundle/Home/bundle/Home/bundle/Home/bundle/Home/bundle/Home/bundle/Home/bundle/Home/bundle/Home/bundle/Home/bundle/MacOS\"",
					"\"$(SYSTEM_LIBRARY_DIR)/Java/JavaVirtualMachines/1.6.0.jdk/Contents/Home/bundle/Home/bundle/Home/bundle/Home/bundle/Home/bundle/Home/bundle/Home/bundle/Home/bundle/Home/bundle/Home/bundle/Home/bundle/Home/bundle/Home/bundle/Libraries\"",
					"\"$(SYSTEM_LIBRARY_DIR)/Java/JavaVirtualMachines/1.6.0.jdk/Contents/Home/bundle/Home/bundle/Home/bundle/Home/bundle/Home/bundle/Home/bundle/Home/bundle/Home/bundle/Home/bundle/Home/bundle/Home/bundle/Home/bundle/Home/bundle/MacOS\"",
					"\"$(SYSTEM_LIBRARY_DIR)/Java/JavaVirtualMachines/1.6.0.jdk/Contents/Home/bundle/Home/bundle/Home/bundle/Home/bundle/Home/bundle/Home/bundle/Home/bundle/Home/bundle/Home/bundle/Home/bundle/Home/bundle/Home/bundle/Libraries\"",
					"\"$(SYSTEM_LIBRARY_DIR)/Java/JavaVirtualMachines/1.6.0.jdk/Contents/Home/bundle/Home/bundle/Home/bundle/Home/bundle/Home/bundle/Home/bundle/Home/bundle/Home/bundle/Home/bundle/Home/bundle/Home/bundle/Home/bundle/MacOS\"",
					"\"$(SYSTEM_LIBRARY_DIR)/Java/JavaVirtualMachines/1.6.0.jdk/Contents/Home/bundle/Home/bundle/Home/bundle/Home/bundle/Home/bundle/Home/bundle/Home/bundle/Home/bundle/Home/bundle/Home/bundle/Home/bundle/Libraries\"",
					"\"$(SYSTEM_LIBRARY_DIR)/Java/JavaVirtualMachines/1.6.0.jdk/Contents/Home/bundle/Home/bundle/Home/bundle/Home/bundle/Home/bundle/Home/bundle/Home/bundle/Home/bundle/Home/bundle/Home/bundle/Home/bundle/MacOS\"",
					"\"$(SYSTEM_LIBRARY_DIR)/Java/JavaVirtualMachines/1.6.0.jdk/Contents/Home/bundle/Home/bundle/Home/bundle/Home/bundle/Home/bundle/Home/bundle/Home/bundle/Home/bundle/Home/bundle/Home/bundle/Libraries\"",
					"\"$(SYSTEM_LIBRARY_DIR)/Java/JavaVirtualMachines/1.6.0.jdk/Contents/Home/bundle/Home/bundle/Home/bundle/Home/bundle/Home/bundle/Home/bundle/Home/bundle/Home/bundle/Home/bundle/Home/bundle/MacOS\"",
					"\"$(SYSTEM_LIBRARY_DIR)/Java/JavaVirtualMachines/1.6.0.jdk/Contents/Home/bundle/Home/bundle/Home/bundle/Home/bundle/Home/bundle/Home/bundle/Home/bundle/Home/bundle/Home/bundle/Libraries\"",
					"\"$(SYSTEM_LIBRARY_DIR)/Java/JavaVirtualMachines/1.6.0.jdk/Contents/Home/bundle/Home/bundle/Home/bundle/Home/bundle/Home/bundle/Home/bundle/Home/bundle/Home/bundle/Home/bundle/MacOS\"",
					"\"$(SYSTEM_LIBRARY_DIR)/Java/JavaVirtualMachines/1.6.0.jdk/Contents/Home/bundle/Home/bundle/Home/bundle/Home/bundle/Home/bundle/Home/bundle/Home/bundle/Home/bundle/Libraries\"",
					"\"$(SYSTEM_LIBRARY_DIR)/Java/JavaVirtualMachines/1.6.0.jdk/Contents/Home/bundle/Home/bundle/Home/bundle/Home/bundle/Home/bundle/Home/bundle/Home/bundle/Home/bundle/MacOS\"",
					"\"$(SYSTEM_LIBRARY_DIR)/Java/JavaVirtualMachines/1.6.0.jdk/Contents/Home/bundle/Home/bundle/Home/bundle/Home/bundle/Home/bundle/Home/bundle/Home/bundle/Libraries\"",
					"\"$(SYSTEM_LIBRARY_DIR)/Java/JavaVirtualMachines/1.6.0.jdk/Contents/Home/bundle/Home/bundle/Home/bundle/Home/bundle/Home/bundle/Home/bundle/Home/bundle/MacOS\"",
					"\"$(SYSTEM_LIBRARY_DIR)/Java/JavaVirtualMachines/1.6.0.jdk/Contents/Home/bundle/Home/bundle/Home/bundle/Home/bundle/Home/bundle/Home/bundle/Libraries\"",
					"\"$(SYSTEM_LIBRARY_DIR)/Java/JavaVirtualMachines/1.6.0.jdk/Contents/Home/bundle/Home/bundle/Home/bundle/Home/bundle/Home/bundle/Home/bundle/MacOS\"",
					"\"$(SYSTEM_LIBRARY_DIR)/Java/JavaVirtualMachines/1.6.0.jdk/Contents/Home/bundle/Home/bundle/Home/bundle/Home/bundle/Home/bundle/Libraries\"",
					"\"$(SYSTEM_LIBRARY_DIR)/Java/JavaVirtualMachines/1.6.0.jdk/Contents/Home/bundle/Home/bundle/Home/bundle/Home/bundle/Home/bundle/MacOS\"",
					"\"$(SYSTEM_LIBRARY_DIR)/Java/JavaVirtualMachines/1.6.0.jdk/Contents/Home/bundle/Home/bundle/Home/bundle/Home/bundle/Libraries\"",
					"\"$(SYSTEM_LIBRARY_DIR)/Java/JavaVirtualMachines/1.6.0.jdk/Contents/Home/bundle/Home/bundle/Home/bundle/Home/bundle/MacOS\"",
					"\"$(SYSTEM_LIBRARY_DIR)/Java/JavaVirtualMachines/1.6.0.jdk/Contents/Home/bundle/Home/bundle/Home/bundle/Libraries\"",
					"\"$(SYSTEM_LIBRARY_DIR)/Java/JavaVirtualMachines/1.6.0.jdk/Contents/Home/bundle/Home/bundle/Home/bundle/MacOS\"",
					"\"$(SYSTEM_LIBRARY_DIR)/Java/JavaVirtualMachines/1.6.0.jdk/Contents/Home/bundle/Home/bundle/Libraries\"",
					"\"$(SYSTEM_LIBRARY_DIR)/Java/JavaVirtualMachines/1.6.0.jdk/Contents/Home/bundle/Home/bundle/MacOS\"",
					"\"$(SYSTEM_LIBRARY_DIR)/Java/JavaVirtualMachines/1.6.0.jdk/Contents/Home/bundle/Libraries\"",
					"\"$(SYSTEM_LIBRARY_DIR)/Java/JavaVirtualMachines/1.6.0.jdk/Contents/Home/bundle/MacOS\"",
					"\"$(SYSTEM_LIBRARY_DIR)/Java/JavaVirtualMachines/1.6.0.jdk/Contents/Libraries\"",
					"\"$(SYSTEM_LIBRARY_DIR)/Java/JavaVirtualMachines/1.6.0.jdk/Contents/MacOS\"",
					"\"$(SYSTEM_LIBRARY_DIR)/MonitorPanels/AppleDisplay.monitorPanels/Contents/Resources\"",
					"\"$(SYSTEM_LIBRARY_DIR)/Perl/5.10/darwin-thread-multi-2level/CORE\"",
					"\"$(SYSTEM_LIBRARY_DIR)/Perl/5.12/darwin-thread-multi-2level/CORE\"",
					"\"$(SYSTEM_LIBRARY_DIR)/Perl/Extras/5.10/darwin-thread-multi-2level/lib\"",
					"\"$(SYSTEM_LIBRARY_DIR)/Perl/Extras/5.12/darwin-thread-multi-2level/lib\"",
					"\"$(SYSTEM_LIBRARY_DIR)/Perl/lib/5.10\"",
					"\"$(SYSTEM_LIBRARY_DIR)/Printers/Libraries\"",
					"\"$(SYSTEM_LIBRARY_DIR)/QuickTime/QuickTime3GPP.component/Contents/MacOS\"",
					"\"$(SYSTEM_LIBRARY_DIR)/QuickTime/QuickTimeComponents.component/Contents/MacOS\"",
					"\"$(SYSTEM_LIBRARY_DIR)/QuickTime/QuickTimeFireWireDV.component/Contents/MacOS\"",
					"\"$(SYSTEM_LIBRARY_DIR)/QuickTime/QuickTimeH264.component/Contents/MacOS\"",
					"\"$(SYSTEM_LIBRARY_DIR)/QuickTime/QuickTimeH264.component/Contents/Resources\"",
					"\"$(SYSTEM_LIBRARY_DIR)/QuickTime/QuickTimeImporters.component/Contents/MacOS\"",
					"\"$(SYSTEM_LIBRARY_DIR)/QuickTime/QuickTimeMPEG.component/Contents/MacOS\"",
					"\"$(SYSTEM_LIBRARY_DIR)/QuickTime/QuickTimeMPEG4.component/Contents/MacOS\"",
					"\"$(SYSTEM_LIBRARY_DIR)/QuickTime/QuickTimeStreaming.component/Contents/MacOS\"",
					"\"$(SYSTEM_LIBRARY_DIR)/QuickTime/QuickTimeVR.component/Contents/MacOS\"",
					"\"$(SYSTEM_LIBRARY_DIR)/Tcl/8.4/expect5.45\"",
					"\"$(SYSTEM_LIBRARY_DIR)/Tcl/8.4/Ffidl0.6.1\"",
					"\"$(SYSTEM_LIBRARY_DIR)/Tcl/8.4/Img1.4\"",
					"\"$(SYSTEM_LIBRARY_DIR)/Tcl/8.4/itcl3.4\"",
					"\"$(SYSTEM_LIBRARY_DIR)/Tcl/8.4/itk3.4\"",
					"\"$(SYSTEM_LIBRARY_DIR)/Tcl/8.4/Memchan2.2.1\"",
					"\"$(SYSTEM_LIBRARY_DIR)/Tcl/8.4/Mk4tcl2.4.9.7\"",
					"\"$(SYSTEM_LIBRARY_DIR)/Tcl/8.4/QuickTimeTcl3.2\"",
					"\"$(SYSTEM_LIBRARY_DIR)/Tcl/8.4/snack2.2\"",
					"\"$(SYSTEM_LIBRARY_DIR)/Tcl/8.4/tbcload1.7\"",
					"\"$(SYSTEM_LIBRARY_DIR)/Tcl/8.4/tclAE2.0.5\"",
					"\"$(SYSTEM_LIBRARY_DIR)/Tcl/8.4/Tclapplescript1.0\"",
					"\"$(SYSTEM_LIBRARY_DIR)/Tcl/8.4/Tcldom2.6\"",
					"\"$(SYSTEM_LIBRARY_DIR)/Tcl/8.4/tcldomxml2.6\"",
					"\"$(SYSTEM_LIBRARY_DIR)/Tcl/8.4/Tclexpat2.6\"",
					"\"$(SYSTEM_LIBRARY_DIR)/Tcl/8.4/Tclresource1.1.2\"",
					"\"$(SYSTEM_LIBRARY_DIR)/Tcl/8.4/tclx8.4\"",
					"\"$(SYSTEM_LIBRARY_DIR)/Tcl/8.4/Tclxml2.6\"",
					"\"$(SYSTEM_LIBRARY_DIR)/Tcl/8.4/Tclxslt2.6\"",
					"\"$(SYSTEM_LIBRARY_DIR)/Tcl/8.4/tdom0.8.3\"",
					"\"$(SYSTEM_LIBRARY_DIR)/Tcl/8.4/thread2.6.6\"",
					"\"$(SYSTEM_LIBRARY_DIR)/Tcl/8.4/Tktable2.10\"",
					"\"$(SYSTEM_LIBRARY_DIR)/Tcl/8.4/tls1.6.1\"",
					"\"$(SYSTEM_LIBRARY_DIR)/Tcl/8.4/tnc0.3.0\"",
					"\"$(SYSTEM_LIBRARY_DIR)/Tcl/8.4/treectrl2.2.10\"",
					"\"$(SYSTEM_LIBRARY_DIR)/Tcl/8.4/Trf2.1.4\"",
					"\"$(SYSTEM_LIBRARY_DIR)/Tcl/8.4/vfs1.4.1\"",
					"\"$(SYSTEM_LIBRARY_DIR)/Tcl/8.4/xotcl1.6.6\"",
					"\"$(SYSTEM_LIBRARY_DIR)/Tcl/8.5/expect5.45\"",
					"\"$(SYSTEM_LIBRARY_DIR)/Tcl/8.5/Ffidl0.6.1\"",
					"\"$(SYSTEM_LIBRARY_DIR)/Tcl/8.5/Img1.4\"",
					"\"$(SYSTEM_LIBRARY_DIR)/Tcl/8.5/itcl3.4\"",
					"\"$(SYSTEM_LIBRARY_DIR)/Tcl/8.5/itk3.4\"",
					"\"$(SYSTEM_LIBRARY_DIR)/Tcl/8.5/Memchan2.2.1\"",
					"\"$(SYSTEM_LIBRARY_DIR)/Tcl/8.5/Mk4tcl2.4.9.7\"",
					"\"$(SYSTEM_LIBRARY_DIR)/Tcl/8.5/tbcload1.7\"",
					"\"$(SYSTEM_LIBRARY_DIR)/Tcl/8.5/tclAE2.0.5\"",
					"\"$(SYSTEM_LIBRARY_DIR)/Tcl/8.5/Tcldom2.6\"",
					"\"$(SYSTEM_LIBRARY_DIR)/Tcl/8.5/tcldomxml2.6\"",
					"\"$(SYSTEM_LIBRARY_DIR)/Tcl/8.5/Tclexpat2.6\"",
					"\"$(SYSTEM_LIBRARY_DIR)/Tcl/8.5/tclx8.4\"",
					"\"$(SYSTEM_LIBRARY_DIR)/Tcl/8.5/Tclxml2.6\"",
					"\"$(SYSTEM_LIBRARY_DIR)/Tcl/8.5/Tclxslt2.6\"",
					"\"$(SYSTEM_LIBRARY_DIR)/Tcl/8.5/tdom0.8.3\"",
					"\"$(SYSTEM_LIBRARY_DIR)/Tcl/8.5/thread2.6.6\"",
					"\"$(SYSTEM_LIBRARY_DIR)/Tcl/8.5/Tktable2.10\"",
					"\"$(SYSTEM_LIBRARY_DIR)/Tcl/8.5/tls1.6.1\"",
					"\"$(SYSTEM_LIBRARY_DIR)/Tcl/8.5/tnc0.3.0\"",
					"\"$(SYSTEM_LIBRARY_DIR)/Tcl/8.5/Trf2.1.4\"",
					"\"$(SYSTEM_LIBRARY_DIR)/Tcl/8.5/vfs1.4.1\"",
					"\"$(SYSTEM_LIBRARY_DIR)/Tcl/8.5/xotcl1.6.6\"",
					"\"$(SYSTEM_LIBRARY_DIR)/Tcl/sqlite3\"",
				);
				PRODUCT_NAME = keitaisdeditor;
			};
			name = Release;
		};
		C01FCF4F08A954540054247B /* Debug */ = {
			isa = XCBuildConfiguration;
			buildSettings = {
				ARCHS = "$(ARCHS_STANDARD_32_64_BIT)";
				GCC_C_LANGUAGE_STANDARD = gnu99;
				GCC_OPTIMIZATION_LEVEL = 0;
				GCC_WARN_ABOUT_RETURN_TYPE = YES;
				GCC_WARN_UNUSED_VARIABLE = YES;
				ONLY_ACTIVE_ARCH = YES;
				PREBINDING = NO;
				SDKROOT = "";
			};
			name = Debug;
		};
		C01FCF5008A954540054247B /* Release */ = {
			isa = XCBuildConfiguration;
			buildSettings = {
				ARCHS = "$(ARCHS_STANDARD_32_64_BIT)";
				GCC_C_LANGUAGE_STANDARD = gnu99;
				GCC_WARN_ABOUT_RETURN_TYPE = YES;
				GCC_WARN_UNUSED_VARIABLE = YES;
				PREBINDING = NO;
				SDKROOT = "";
			};
			name = Release;
		};
/* End XCBuildConfiguration section */

/* Begin XCConfigurationList section */
		C01FCF4A08A954540054247B /* Build configuration list for PBXNativeTarget "keitaisdeditor" */ = {
			isa = XCConfigurationList;
			buildConfigurations = (
				C01FCF4B08A954540054247B /* Debug */,
				C01FCF4C08A954540054247B /* Release */,
			);
			defaultConfigurationIsVisible = 0;
			defaultConfigurationName = Release;
		};
		C01FCF4E08A954540054247B /* Build configuration list for PBXProject "keitaisdeditor" */ = {
			isa = XCConfigurationList;
			buildConfigurations = (
				C01FCF4F08A954540054247B /* Debug */,
				C01FCF5008A954540054247B /* Release */,
			);
			defaultConfigurationIsVisible = 0;
			defaultConfigurationName = Release;
		};
/* End XCConfigurationList section */
	};
	rootObject = 29B97313FDCFA39411CA2CEA /* Project object */;
}
